{
  "version": 1,
  "dependencies": {
    "net9.0": {
      "DalamudPackager": {
        "type": "Direct",
        "requested": "[12.0.0, )",
        "resolved": "12.0.0",
        "contentHash": "J5TJLV3f16T/E2H2P17ClWjtfEBPpq3yxvqW46eN36JCm6wR+EaoaYkqG9Rm5sHqs3/nK/vKjWWyvEs/jhKoXw=="
      },
      "WatsonWebsocket": {
        "type": "Direct",
        "requested": "[4.1.1, )",
        "resolved": "4.1.1",
        "contentHash": "2/06Z6qHAVUIA7G4X7AKQQTKmUANui276dsATau6mP+nvhAqX0FvUOPk78khvFrjzFWEVyhzEmCV8/OlJJsElA=="
      }
    }
  }
}